
Microsoft Visual Studio Solution File, Format Version 12.00
# Visual Studio Version 16
VisualStudioVersion = 16.0.28803.452
MinimumVisualStudioVersion = 10.0.40219.1
Project("{FAE04EC0-301F-11D3-BF4B-00C04F79EFBC}") = "CodePractice", "CodePractice\CodePractice.csproj", "{99861382-8CDA-46BD-8EEA-7CDF4C35891D}"
EndProject
Project("{FAE04EC0-301F-11D3-BF4B-00C04F79EFBC}") = "UnitTestProject1", "..\..\..\Solution1\UnitTestProject1\UnitTestProject1.csproj", "{CEECA410-B223-4C6F-82B2-FCE3D96CD177}"
EndProject
Global
	GlobalSection(SolutionConfigurationPlatforms) = preSolution
		Debug|Any CPU = Debug|Any CPU
		Release|Any CPU = Release|Any CPU
	EndGlobalSection
	GlobalSection(ProjectConfigurationPlatforms) = postSolution
		{99861382-8CDA-46BD-8EEA-7CDF4C35891D}.Debug|Any CPU.ActiveCfg = Debug|Any CPU
		{99861382-8CDA-46BD-8EEA-7CDF4C35891D}.Debug|Any CPU.Build.0 = Debug|Any CPU
		{99861382-8CDA-46BD-8EEA-7CDF4C35891D}.Release|Any CPU.ActiveCfg = Release|Any CPU
		{99861382-8CDA-46BD-8EEA-7CDF4C35891D}.Release|Any CPU.Build.0 = Release|Any CPU
		{CEECA410-B223-4C6F-82B2-FCE3D96CD177}.Debug|Any CPU.ActiveCfg = Debug|Any CPU
		{CEECA410-B223-4C6F-82B2-FCE3D96CD177}.Debug|Any CPU.Build.0 = Debug|Any CPU
		{CEECA410-B223-4C6F-82B2-FCE3D96CD177}.Release|Any CPU.ActiveCfg = Release|Any CPU
		{CEECA410-B223-4C6F-82B2-FCE3D96CD177}.Release|Any CPU.Build.0 = Release|Any CPU
	EndGlobalSection
	GlobalSection(SolutionProperties) = preSolution
		HideSolutionNode = FALSE
	EndGlobalSection
	GlobalSection(ExtensibilityGlobals) = postSolution
		SolutionGuid = {B8D4AC4F-9B0D-4F5D-973F-9CC4253952D4}
	EndGlobalSection
EndGlobal
